// !$*UTF8*$!
{
	archiveVersion = 1;
	classes = {
	};
	objectVersion = 46;
	objects = {

/* Begin PBXBuildFile section */
		D06269501BEBA3300023DFEB /* ExceptionX.cpp in Sources */ = {isa = PBXBuildFile; fileRef = D062694E1BEBA3300023DFEB /* ExceptionX.cpp */; settings = {ASSET_TAGS = (); }; };
		D07D17251BCA321100E9F7B6 /* main.cpp in Sources */ = {isa = PBXBuildFile; fileRef = D07D17241BCA321100E9F7B6 /* main.cpp */; };
		D07D172D1BCA37AE00E9F7B6 /* test1.cpp in Sources */ = {isa = PBXBuildFile; fileRef = D07D172B1BCA37AE00E9F7B6 /* test1.cpp */; settings = {ASSET_TAGS = (); }; };
		D07D17301BCA3A6300E9F7B6 /* SalesItem.cpp in Sources */ = {isa = PBXBuildFile; fileRef = D07D172E1BCA3A6300E9F7B6 /* SalesItem.cpp */; settings = {ASSET_TAGS = (); }; };
		D083EC401BD3997400CA7674 /* SalesPocket.cpp in Sources */ = {isa = PBXBuildFile; fileRef = D083EC3E1BD3997400CA7674 /* SalesPocket.cpp */; settings = {ASSET_TAGS = (); }; };
		D08FA6631BD92E7400FF9C03 /* Item_base.cpp in Sources */ = {isa = PBXBuildFile; fileRef = D08FA6611BD92E7400FF9C03 /* Item_base.cpp */; settings = {ASSET_TAGS = (); }; };
		D0921F741BE7A5140052FA97 /* Template.cpp in Sources */ = {isa = PBXBuildFile; fileRef = D0921F721BE7A5140052FA97 /* Template.cpp */; settings = {ASSET_TAGS = (); }; };
		D096AD921BF3815B001AE2C0 /* Namespace.cpp in Sources */ = {isa = PBXBuildFile; fileRef = D096AD901BF3815B001AE2C0 /* Namespace.cpp */; settings = {ASSET_TAGS = (); }; };
		D096AD951BF385BA001AE2C0 /* Memory.cpp in Sources */ = {isa = PBXBuildFile; fileRef = D096AD931BF385BA001AE2C0 /* Memory.cpp */; settings = {ASSET_TAGS = (); }; };
		D0A831801BD67DAA0007642B /* SmartPonter.cpp in Sources */ = {isa = PBXBuildFile; fileRef = D0A8317E1BD67DAA0007642B /* SmartPonter.cpp */; settings = {ASSET_TAGS = (); }; };
		D0A831831BD690AA0007642B /* Operator.cpp in Sources */ = {isa = PBXBuildFile; fileRef = D0A831811BD690AA0007642B /* Operator.cpp */; settings = {ASSET_TAGS = (); }; };
		D0AFF65C1BF4D07D000E4AA7 /* Advance.cpp in Sources */ = {isa = PBXBuildFile; fileRef = D0AFF65A1BF4D07D000E4AA7 /* Advance.cpp */; settings = {ASSET_TAGS = (); }; };
/* End PBXBuildFile section */

/* Begin PBXCopyFilesBuildPhase section */
		D07D171F1BCA321100E9F7B6 /* CopyFiles */ = {
			isa = PBXCopyFilesBuildPhase;
			buildActionMask = 2147483647;
			dstPath = /usr/share/man/man1/;
			dstSubfolderSpec = 0;
			files = (
			);
			runOnlyForDeploymentPostprocessing = 1;
		};
/* End PBXCopyFilesBuildPhase section */

/* Begin PBXFileReference section */
		D00E67C71BCFFAB400CE57E2 /* test */ = {isa = PBXFileReference; fileEncoding = 4; lastKnownFileType = text; path = test; sourceTree = SOURCE_ROOT; };
		D062694E1BEBA3300023DFEB /* ExceptionX.cpp */ = {isa = PBXFileReference; fileEncoding = 4; lastKnownFileType = sourcecode.cpp.cpp; path = ExceptionX.cpp; sourceTree = "<group>"; };
		D062694F1BEBA3300023DFEB /* ExceptionX.hpp */ = {isa = PBXFileReference; fileEncoding = 4; lastKnownFileType = sourcecode.cpp.h; path = ExceptionX.hpp; sourceTree = "<group>"; };
		D07D17211BCA321100E9F7B6 /* ReviewCPlusplus */ = {isa = PBXFileReference; explicitFileType = "compiled.mach-o.executable"; includeInIndex = 0; path = ReviewCPlusplus; sourceTree = BUILT_PRODUCTS_DIR; };
		D07D17241BCA321100E9F7B6 /* main.cpp */ = {isa = PBXFileReference; lastKnownFileType = sourcecode.cpp.cpp; path = main.cpp; sourceTree = "<group>"; };
		D07D172B1BCA37AE00E9F7B6 /* test1.cpp */ = {isa = PBXFileReference; fileEncoding = 4; lastKnownFileType = sourcecode.cpp.cpp; path = test1.cpp; sourceTree = "<group>"; };
		D07D172C1BCA37AE00E9F7B6 /* test1.hpp */ = {isa = PBXFileReference; fileEncoding = 4; lastKnownFileType = sourcecode.cpp.h; path = test1.hpp; sourceTree = "<group>"; };
		D07D172E1BCA3A6300E9F7B6 /* SalesItem.cpp */ = {isa = PBXFileReference; fileEncoding = 4; lastKnownFileType = sourcecode.cpp.cpp; path = SalesItem.cpp; sourceTree = "<group>"; };
		D07D172F1BCA3A6300E9F7B6 /* SalesItem.hpp */ = {isa = PBXFileReference; fileEncoding = 4; lastKnownFileType = sourcecode.cpp.h; path = SalesItem.hpp; sourceTree = "<group>"; };
		D083EC3E1BD3997400CA7674 /* SalesPocket.cpp */ = {isa = PBXFileReference; fileEncoding = 4; lastKnownFileType = sourcecode.cpp.cpp; path = SalesPocket.cpp; sourceTree = "<group>"; };
		D083EC3F1BD3997400CA7674 /* SalesPocket.hpp */ = {isa = PBXFileReference; fileEncoding = 4; lastKnownFileType = sourcecode.cpp.h; path = SalesPocket.hpp; sourceTree = "<group>"; };
		D08FA6611BD92E7400FF9C03 /* Item_base.cpp */ = {isa = PBXFileReference; fileEncoding = 4; lastKnownFileType = sourcecode.cpp.cpp; path = Item_base.cpp; sourceTree = "<group>"; };
		D08FA6621BD92E7400FF9C03 /* Item_base.hpp */ = {isa = PBXFileReference; fileEncoding = 4; lastKnownFileType = sourcecode.cpp.h; path = Item_base.hpp; sourceTree = "<group>"; };
		D0921F721BE7A5140052FA97 /* Template.cpp */ = {isa = PBXFileReference; fileEncoding = 4; lastKnownFileType = sourcecode.cpp.cpp; path = Template.cpp; sourceTree = "<group>"; };
		D0921F731BE7A5140052FA97 /* Template.hpp */ = {isa = PBXFileReference; fileEncoding = 4; lastKnownFileType = sourcecode.cpp.h; path = Template.hpp; sourceTree = "<group>"; };
		D096AD901BF3815B001AE2C0 /* Namespace.cpp */ = {isa = PBXFileReference; fileEncoding = 4; lastKnownFileType = sourcecode.cpp.cpp; path = Namespace.cpp; sourceTree = "<group>"; };
		D096AD911BF3815B001AE2C0 /* Namespace.hpp */ = {isa = PBXFileReference; fileEncoding = 4; lastKnownFileType = sourcecode.cpp.h; path = Namespace.hpp; sourceTree = "<group>"; };
		D096AD931BF385BA001AE2C0 /* Memory.cpp */ = {isa = PBXFileReference; fileEncoding = 4; lastKnownFileType = sourcecode.cpp.cpp; path = Memory.cpp; sourceTree = "<group>"; };
		D096AD941BF385BA001AE2C0 /* Memory.hpp */ = {isa = PBXFileReference; fileEncoding = 4; lastKnownFileType = sourcecode.cpp.h; path = Memory.hpp; sourceTree = "<group>"; };
		D0A8317E1BD67DAA0007642B /* SmartPonter.cpp */ = {isa = PBXFileReference; fileEncoding = 4; lastKnownFileType = sourcecode.cpp.cpp; path = SmartPonter.cpp; sourceTree = "<group>"; };
		D0A8317F1BD67DAA0007642B /* SmartPonter.hpp */ = {isa = PBXFileReference; fileEncoding = 4; lastKnownFileType = sourcecode.cpp.h; path = SmartPonter.hpp; sourceTree = "<group>"; };
		D0A831811BD690AA0007642B /* Operator.cpp */ = {isa = PBXFileReference; fileEncoding = 4; lastKnownFileType = sourcecode.cpp.cpp; name = Operator.cpp; path = ../Operator.cpp; sourceTree = "<group>"; };
		D0A831821BD690AA0007642B /* Operator.hpp */ = {isa = PBXFileReference; fileEncoding = 4; lastKnownFileType = sourcecode.cpp.h; name = Operator.hpp; path = ../Operator.hpp; sourceTree = "<group>"; };
		D0AFF65A1BF4D07D000E4AA7 /* Advance.cpp */ = {isa = PBXFileReference; fileEncoding = 4; lastKnownFileType = sourcecode.cpp.cpp; path = Advance.cpp; sourceTree = "<group>"; };
		D0AFF65B1BF4D07D000E4AA7 /* Advance.hpp */ = {isa = PBXFileReference; fileEncoding = 4; lastKnownFileType = sourcecode.cpp.h; path = Advance.hpp; sourceTree = "<group>"; };
/* End PBXFileReference section */

/* Begin PBXFrameworksBuildPhase section */
		D07D171E1BCA321100E9F7B6 /* Frameworks */ = {
			isa = PBXFrameworksBuildPhase;
			buildActionMask = 2147483647;
			files = (
			);
			runOnlyForDeploymentPostprocessing = 0;
		};
/* End PBXFrameworksBuildPhase section */

/* Begin PBXGroup section */
		D07D17181BCA321100E9F7B6 = {
			isa = PBXGroup;
			children = (
				D07D17231BCA321100E9F7B6 /* ReviewCPlusplus */,
				D07D17221BCA321100E9F7B6 /* Products */,
			);
			sourceTree = "<group>";
		};
		D07D17221BCA321100E9F7B6 /* Products */ = {
			isa = PBXGroup;
			children = (
				D07D17211BCA321100E9F7B6 /* ReviewCPlusplus */,
			);
			name = Products;
			sourceTree = "<group>";
		};
		D07D17231BCA321100E9F7B6 /* ReviewCPlusplus */ = {
			isa = PBXGroup;
			children = (
				D00E67C71BCFFAB400CE57E2 /* test */,
				D07D17241BCA321100E9F7B6 /* main.cpp */,
				D07D172B1BCA37AE00E9F7B6 /* test1.cpp */,
				D07D172C1BCA37AE00E9F7B6 /* test1.hpp */,
				D07D172E1BCA3A6300E9F7B6 /* SalesItem.cpp */,
				D07D172F1BCA3A6300E9F7B6 /* SalesItem.hpp */,
				D083EC3E1BD3997400CA7674 /* SalesPocket.cpp */,
				D083EC3F1BD3997400CA7674 /* SalesPocket.hpp */,
				D0A8317E1BD67DAA0007642B /* SmartPonter.cpp */,
				D0A8317F1BD67DAA0007642B /* SmartPonter.hpp */,
				D0A831811BD690AA0007642B /* Operator.cpp */,
				D0A831821BD690AA0007642B /* Operator.hpp */,
				D08FA6611BD92E7400FF9C03 /* Item_base.cpp */,
				D08FA6621BD92E7400FF9C03 /* Item_base.hpp */,
				D0921F721BE7A5140052FA97 /* Template.cpp */,
				D0921F731BE7A5140052FA97 /* Template.hpp */,
				D062694E1BEBA3300023DFEB /* ExceptionX.cpp */,
				D062694F1BEBA3300023DFEB /* ExceptionX.hpp */,
				D096AD901BF3815B001AE2C0 /* Namespace.cpp */,
				D096AD911BF3815B001AE2C0 /* Namespace.hpp */,
				D096AD931BF385BA001AE2C0 /* Memory.cpp */,
				D096AD941BF385BA001AE2C0 /* Memory.hpp */,
				D0AFF65A1BF4D07D000E4AA7 /* Advance.cpp */,
				D0AFF65B1BF4D07D000E4AA7 /* Advance.hpp */,
			);
			path = ReviewCPlusplus;
			sourceTree = "<group>";
		};
/* End PBXGroup section */

/* Begin PBXNativeTarget section */
		D07D17201BCA321100E9F7B6 /* ReviewCPlusplus */ = {
			isa = PBXNativeTarget;
			buildConfigurationList = D07D17281BCA321100E9F7B6 /* Build configuration list for PBXNativeTarget "ReviewCPlusplus" */;
			buildPhases = (
				D07D171D1BCA321100E9F7B6 /* Sources */,
				D07D171E1BCA321100E9F7B6 /* Frameworks */,
				D07D171F1BCA321100E9F7B6 /* CopyFiles */,
			);
			buildRules = (
			);
			dependencies = (
			);
			name = ReviewCPlusplus;
			productName = ReviewCPlusplus;
			productReference = D07D17211BCA321100E9F7B6 /* ReviewCPlusplus */;
			productType = "com.apple.product-type.tool";
		};
/* End PBXNativeTarget section */

/* Begin PBXProject section */
		D07D17191BCA321100E9F7B6 /* Project object */ = {
			isa = PBXProject;
			attributes = {
				LastUpgradeCheck = 0700;
				ORGANIZATIONNAME = caichao;
				TargetAttributes = {
					D07D17201BCA321100E9F7B6 = {
						CreatedOnToolsVersion = 7.0;
					};
				};
			};
			buildConfigurationList = D07D171C1BCA321100E9F7B6 /* Build configuration list for PBXProject "ReviewCPlusplus" */;
			compatibilityVersion = "Xcode 3.2";
			developmentRegion = English;
			hasScannedForEncodings = 0;
			knownRegions = (
				en,
			);
			mainGroup = D07D17181BCA321100E9F7B6;
			productRefGroup = D07D17221BCA321100E9F7B6 /* Products */;
			projectDirPath = "";
			projectRoot = "";
			targets = (
				D07D17201BCA321100E9F7B6 /* ReviewCPlusplus */,
			);
		};
/* End PBXProject section */

/* Begin PBXSourcesBuildPhase section */
		D07D171D1BCA321100E9F7B6 /* Sources */ = {
			isa = PBXSourcesBuildPhase;
			buildActionMask = 2147483647;
			files = (
				D07D17251BCA321100E9F7B6 /* main.cpp in Sources */,
				D0921F741BE7A5140052FA97 /* Template.cpp in Sources */,
				D0AFF65C1BF4D07D000E4AA7 /* Advance.cpp in Sources */,
				D07D17301BCA3A6300E9F7B6 /* SalesItem.cpp in Sources */,
				D096AD921BF3815B001AE2C0 /* Namespace.cpp in Sources */,
				D083EC401BD3997400CA7674 /* SalesPocket.cpp in Sources */,
				D08FA6631BD92E7400FF9C03 /* Item_base.cpp in Sources */,
				D06269501BEBA3300023DFEB /* ExceptionX.cpp in Sources */,
				D0A831831BD690AA0007642B /* Operator.cpp in Sources */,
				D07D172D1BCA37AE00E9F7B6 /* test1.cpp in Sources */,
				D096AD951BF385BA001AE2C0 /* Memory.cpp in Sources */,
				D0A831801BD67DAA0007642B /* SmartPonter.cpp in Sources */,
			);
			runOnlyForDeploymentPostprocessing = 0;
		};
/* End PBXSourcesBuildPhase section */

/* Begin XCBuildConfiguration section */
		D07D17261BCA321100E9F7B6 /* Debug */ = {
			isa = XCBuildConfiguration;
			buildSettings = {
				ALWAYS_SEARCH_USER_PATHS = NO;
				CLANG_CXX_LANGUAGE_STANDARD = "gnu++0x";
				CLANG_CXX_LIBRARY = "libc++";
				CLANG_ENABLE_MODULES = YES;
				CLANG_ENABLE_OBJC_ARC = YES;
				CLANG_WARN_BOOL_CONVERSION = YES;
				CLANG_WARN_CONSTANT_CONVERSION = YES;
				CLANG_WARN_DIRECT_OBJC_ISA_USAGE = YES_ERROR;
				CLANG_WARN_EMPTY_BODY = YES;
				CLANG_WARN_ENUM_CONVERSION = YES;
				CLANG_WARN_INT_CONVERSION = YES;
				CLANG_WARN_OBJC_ROOT_CLASS = YES_ERROR;
				CLANG_WARN_UNREACHABLE_CODE = YES;
				CLANG_WARN__DUPLICATE_METHOD_MATCH = YES;
				COPY_PHASE_STRIP = NO;
				DEBUG_INFORMATION_FORMAT = dwarf;
				ENABLE_STRICT_OBJC_MSGSEND = YES;
				ENABLE_TESTABILITY = YES;
				GCC_C_LANGUAGE_STANDARD = gnu99;
				GCC_DYNAMIC_NO_PIC = NO;
				GCC_NO_COMMON_BLOCKS = YES;
				GCC_OPTIMIZATION_LEVEL = 0;
				GCC_PREPROCESSOR_DEFINITIONS = (
					"DEBUG=1",
					"$(inherited)",
				);
				GCC_WARN_64_TO_32_BIT_CONVERSION = YES;
				GCC_WARN_ABOUT_RETURN_TYPE = YES_ERROR;
				GCC_WARN_UNDECLARED_SELECTOR = YES;
				GCC_WARN_UNINITIALIZED_AUTOS = YES_AGGRESSIVE;
				GCC_WARN_UNUSED_FUNCTION = YES;
				GCC_WARN_UNUSED_VARIABLE = YES;
				MACOSX_DEPLOYMENT_TARGET = 10.10;
				MTL_ENABLE_DEBUG_INFO = YES;
				ONLY_ACTIVE_ARCH = YES;
				SDKROOT = macosx;
			};
			name = Debug;
		};
		D07D17271BCA321100E9F7B6 /* Release */ = {
			isa = XCBuildConfiguration;
			buildSettings = {
				ALWAYS_SEARCH_USER_PATHS = NO;
				CLANG_CXX_LANGUAGE_STANDARD = "gnu++0x";
				CLANG_CXX_LIBRARY = "libc++";
				CLANG_ENABLE_MODULES = YES;
				CLANG_ENABLE_OBJC_ARC = YES;
				CLANG_WARN_BOOL_CONVERSION = YES;
				CLANG_WARN_CONSTANT_CONVERSION = YES;
				CLANG_WARN_DIRECT_OBJC_ISA_USAGE = YES_ERROR;
				CLANG_WARN_EMPTY_BODY = YES;
				CLANG_WARN_ENUM_CONVERSION = YES;
				CLANG_WARN_INT_CONVERSION = YES;
				CLANG_WARN_OBJC_ROOT_CLASS = YES_ERROR;
				CLANG_WARN_UNREACHABLE_CODE = YES;
				CLANG_WARN__DUPLICATE_METHOD_MATCH = YES;
				COPY_PHASE_STRIP = NO;
				DEBUG_INFORMATION_FORMAT = "dwarf-with-dsym";
				ENABLE_NS_ASSERTIONS = NO;
				ENABLE_STRICT_OBJC_MSGSEND = YES;
				GCC_C_LANGUAGE_STANDARD = gnu99;
				GCC_NO_COMMON_BLOCKS = YES;
				GCC_WARN_64_TO_32_BIT_CONVERSION = YES;
				GCC_WARN_ABOUT_RETURN_TYPE = YES_ERROR;
				GCC_WARN_UNDECLARED_SELECTOR = YES;
				GCC_WARN_UNINITIALIZED_AUTOS = YES_AGGRESSIVE;
				GCC_WARN_UNUSED_FUNCTION = YES;
				GCC_WARN_UNUSED_VARIABLE = YES;
				MACOSX_DEPLOYMENT_TARGET = 10.10;
				MTL_ENABLE_DEBUG_INFO = NO;
				SDKROOT = macosx;
			};
			name = Release;
		};
		D07D17291BCA321100E9F7B6 /* Debug */ = {
			isa = XCBuildConfiguration;
			buildSettings = {
				PRODUCT_NAME = "$(TARGET_NAME)";
			};
			name = Debug;
		};
		D07D172A1BCA321100E9F7B6 /* Release */ = {
			isa = XCBuildConfiguration;
			buildSettings = {
				PRODUCT_NAME = "$(TARGET_NAME)";
			};
			name = Release;
		};
/* End XCBuildConfiguration section */

/* Begin XCConfigurationList section */
		D07D171C1BCA321100E9F7B6 /* Build configuration list for PBXProject "ReviewCPlusplus" */ = {
			isa = XCConfigurationList;
			buildConfigurations = (
				D07D17261BCA321100E9F7B6 /* Debug */,
				D07D17271BCA321100E9F7B6 /* Release */,
			);
			defaultConfigurationIsVisible = 0;
			defaultConfigurationName = Release;
		};
		D07D17281BCA321100E9F7B6 /* Build configuration list for PBXNativeTarget "ReviewCPlusplus" */ = {
			isa = XCConfigurationList;
			buildConfigurations = (
				D07D17291BCA321100E9F7B6 /* Debug */,
				D07D172A1BCA321100E9F7B6 /* Release */,
			);
			defaultConfigurationIsVisible = 0;
			defaultConfigurationName = Release;
		};
/* End XCConfigurationList section */
	};
	rootObject = D07D17191BCA321100E9F7B6 /* Project object */;
}
