// !$*UTF8*$!
{
	archiveVersion = 1;
	classes = {
	};
	objectVersion = 46;
	objects = {

/* Begin PBXBuildFile section */
		D08E60EE1B969B2E00FE465D /* main.mm in Sources */ = {isa = PBXBuildFile; fileRef = D08E60ED1B969B2E00FE465D /* main.mm */; };
/* End PBXBuildFile section */

/* Begin PBXCopyFilesBuildPhase section */
		D08E60E81B969B2E00FE465D /* CopyFiles */ = {
			isa = PBXCopyFilesBuildPhase;
			buildActionMask = 2147483647;
			dstPath = /usr/share/man/man1/;
			dstSubfolderSpec = 0;
			files = (
			);
			runOnlyForDeploymentPostprocessing = 1;
		};
/* End PBXCopyFilesBuildPhase section */

/* Begin PBXFileReference section */
		D08E60EA1B969B2E00FE465D /* testOpenGL */ = {isa = PBXFileReference; explicitFileType = "compiled.mach-o.executable"; includeInIndex = 0; path = testOpenGL; sourceTree = BUILT_PRODUCTS_DIR; };
		D08E60ED1B969B2E00FE465D /* main.mm */ = {isa = PBXFileReference; lastKnownFileType = sourcecode.cpp.objcpp; path = main.mm; sourceTree = "<group>"; };
		D0B799BF1B96F1D1005254DF /* Info.plist */ = {isa = PBXFileReference; lastKnownFileType = text.plist.xml; path = Info.plist; sourceTree = "<group>"; };
		D0B799C01B96F1D1005254DF /* aaaTests.m */ = {isa = PBXFileReference; lastKnownFileType = sourcecode.c.objc; path = aaaTests.m; sourceTree = "<group>"; };
		D0B799C81B96FEAB005254DF /* glfw3.h */ = {isa = PBXFileReference; fileEncoding = 4; lastKnownFileType = sourcecode.c.h; path = glfw3.h; sourceTree = "<group>"; };
/* End PBXFileReference section */

/* Begin PBXFrameworksBuildPhase section */
		D08E60E71B969B2E00FE465D /* Frameworks */ = {
			isa = PBXFrameworksBuildPhase;
			buildActionMask = 2147483647;
			files = (
			);
			runOnlyForDeploymentPostprocessing = 0;
		};
/* End PBXFrameworksBuildPhase section */

/* Begin PBXGroup section */
		D08E60E11B969B2E00FE465D = {
			isa = PBXGroup;
			children = (
				D08E60EC1B969B2E00FE465D /* testOpenGL */,
				D0B799BD1B96F1D1005254DF /* aaaTests */,
				D08E60EB1B969B2E00FE465D /* Products */,
			);
			sourceTree = "<group>";
		};
		D08E60EB1B969B2E00FE465D /* Products */ = {
			isa = PBXGroup;
			children = (
				D08E60EA1B969B2E00FE465D /* testOpenGL */,
			);
			name = Products;
			sourceTree = "<group>";
		};
		D08E60EC1B969B2E00FE465D /* testOpenGL */ = {
			isa = PBXGroup;
			children = (
				D0B799C81B96FEAB005254DF /* glfw3.h */,
				D08E60ED1B969B2E00FE465D /* main.mm */,
			);
			path = testOpenGL;
			sourceTree = "<group>";
		};
		D0B799BD1B96F1D1005254DF /* aaaTests */ = {
			isa = PBXGroup;
			children = (
				D0B799C01B96F1D1005254DF /* aaaTests.m */,
				D0B799BE1B96F1D1005254DF /* Supporting Files */,
			);
			path = aaaTests;
			sourceTree = "<group>";
		};
		D0B799BE1B96F1D1005254DF /* Supporting Files */ = {
			isa = PBXGroup;
			children = (
				D0B799BF1B96F1D1005254DF /* Info.plist */,
			);
			name = "Supporting Files";
			sourceTree = "<group>";
		};
/* End PBXGroup section */

/* Begin PBXNativeTarget section */
		D08E60E91B969B2E00FE465D /* testOpenGL */ = {
			isa = PBXNativeTarget;
			buildConfigurationList = D08E60F11B969B2E00FE465D /* Build configuration list for PBXNativeTarget "testOpenGL" */;
			buildPhases = (
				D08E60E61B969B2E00FE465D /* Sources */,
				D08E60E71B969B2E00FE465D /* Frameworks */,
				D08E60E81B969B2E00FE465D /* CopyFiles */,
			);
			buildRules = (
			);
			dependencies = (
			);
			name = testOpenGL;
			productName = testOpenGL;
			productReference = D08E60EA1B969B2E00FE465D /* testOpenGL */;
			productType = "com.apple.product-type.tool";
		};
/* End PBXNativeTarget section */

/* Begin PBXProject section */
		D08E60E21B969B2E00FE465D /* Project object */ = {
			isa = PBXProject;
			attributes = {
				LastUpgradeCheck = 0640;
				ORGANIZATIONNAME = Caichao;
				TargetAttributes = {
					D08E60E91B969B2E00FE465D = {
						CreatedOnToolsVersion = 6.4;
					};
				};
			};
			buildConfigurationList = D08E60E51B969B2E00FE465D /* Build configuration list for PBXProject "testOpenGL" */;
			compatibilityVersion = "Xcode 3.2";
			developmentRegion = English;
			hasScannedForEncodings = 0;
			knownRegions = (
				en,
				Base,
			);
			mainGroup = D08E60E11B969B2E00FE465D;
			productRefGroup = D08E60EB1B969B2E00FE465D /* Products */;
			projectDirPath = "";
			projectRoot = "";
			targets = (
				D08E60E91B969B2E00FE465D /* testOpenGL */,
			);
		};
/* End PBXProject section */

/* Begin PBXSourcesBuildPhase section */
		D08E60E61B969B2E00FE465D /* Sources */ = {
			isa = PBXSourcesBuildPhase;
			buildActionMask = 2147483647;
			files = (
				D08E60EE1B969B2E00FE465D /* main.mm in Sources */,
			);
			runOnlyForDeploymentPostprocessing = 0;
		};
/* End PBXSourcesBuildPhase section */

/* Begin XCBuildConfiguration section */
		D08E60EF1B969B2E00FE465D /* Debug */ = {
			isa = XCBuildConfiguration;
			buildSettings = {
				ALWAYS_SEARCH_USER_PATHS = NO;
				CLANG_CXX_LANGUAGE_STANDARD = "gnu++0x";
				CLANG_CXX_LIBRARY = "libc++";
				CLANG_ENABLE_MODULES = YES;
				CLANG_ENABLE_OBJC_ARC = YES;
				CLANG_WARN_BOOL_CONVERSION = YES;
				CLANG_WARN_CONSTANT_CONVERSION = YES;
				CLANG_WARN_DIRECT_OBJC_ISA_USAGE = YES_ERROR;
				CLANG_WARN_EMPTY_BODY = YES;
				CLANG_WARN_ENUM_CONVERSION = YES;
				CLANG_WARN_INT_CONVERSION = YES;
				CLANG_WARN_OBJC_ROOT_CLASS = YES_ERROR;
				CLANG_WARN_UNREACHABLE_CODE = YES;
				CLANG_WARN__DUPLICATE_METHOD_MATCH = YES;
				COPY_PHASE_STRIP = NO;
				DEBUG_INFORMATION_FORMAT = dwarf;
				ENABLE_STRICT_OBJC_MSGSEND = YES;
				GCC_C_LANGUAGE_STANDARD = gnu99;
				GCC_DYNAMIC_NO_PIC = NO;
				GCC_NO_COMMON_BLOCKS = YES;
				GCC_OPTIMIZATION_LEVEL = 0;
				GCC_PREPROCESSOR_DEFINITIONS = "$(inherited)";
				"GCC_PREPROCESSOR_DEFINITIONS[arch=*]" = "$(inherited)";
				GCC_SYMBOLS_PRIVATE_EXTERN = NO;
				GCC_WARN_64_TO_32_BIT_CONVERSION = YES;
				GCC_WARN_ABOUT_RETURN_TYPE = YES_ERROR;
				GCC_WARN_UNDECLARED_SELECTOR = YES;
				GCC_WARN_UNINITIALIZED_AUTOS = YES_AGGRESSIVE;
				GCC_WARN_UNUSED_FUNCTION = YES;
				GCC_WARN_UNUSED_VARIABLE = YES;
				MACOSX_DEPLOYMENT_TARGET = 10.10;
				MTL_ENABLE_DEBUG_INFO = YES;
				ONLY_ACTIVE_ARCH = YES;
				SDKROOT = macosx;
			};
			name = Debug;
		};
		D08E60F01B969B2E00FE465D /* Release */ = {
			isa = XCBuildConfiguration;
			buildSettings = {
				ALWAYS_SEARCH_USER_PATHS = NO;
				CLANG_CXX_LANGUAGE_STANDARD = "gnu++0x";
				CLANG_CXX_LIBRARY = "libc++";
				CLANG_ENABLE_MODULES = YES;
				CLANG_ENABLE_OBJC_ARC = YES;
				CLANG_WARN_BOOL_CONVERSION = YES;
				CLANG_WARN_CONSTANT_CONVERSION = YES;
				CLANG_WARN_DIRECT_OBJC_ISA_USAGE = YES_ERROR;
				CLANG_WARN_EMPTY_BODY = YES;
				CLANG_WARN_ENUM_CONVERSION = YES;
				CLANG_WARN_INT_CONVERSION = YES;
				CLANG_WARN_OBJC_ROOT_CLASS = YES_ERROR;
				CLANG_WARN_UNREACHABLE_CODE = YES;
				CLANG_WARN__DUPLICATE_METHOD_MATCH = YES;
				COPY_PHASE_STRIP = NO;
				DEBUG_INFORMATION_FORMAT = "dwarf-with-dsym";
				ENABLE_NS_ASSERTIONS = NO;
				ENABLE_STRICT_OBJC_MSGSEND = YES;
				GCC_C_LANGUAGE_STANDARD = gnu99;
				GCC_NO_COMMON_BLOCKS = YES;
				GCC_WARN_64_TO_32_BIT_CONVERSION = YES;
				GCC_WARN_ABOUT_RETURN_TYPE = YES_ERROR;
				GCC_WARN_UNDECLARED_SELECTOR = YES;
				GCC_WARN_UNINITIALIZED_AUTOS = YES_AGGRESSIVE;
				GCC_WARN_UNUSED_FUNCTION = YES;
				GCC_WARN_UNUSED_VARIABLE = YES;
				MACOSX_DEPLOYMENT_TARGET = 10.10;
				MTL_ENABLE_DEBUG_INFO = NO;
				SDKROOT = macosx;
			};
			name = Release;
		};
		D08E60F21B969B2E00FE465D /* Debug */ = {
			isa = XCBuildConfiguration;
			buildSettings = {
				GCC_PREPROCESSOR_DEFINITIONS = "$(inherited)";
				LIBRARY_SEARCH_PATHS = (
					"$(inherited)",
					"$(PROJECT_DIR)",
				);
				PRODUCT_NAME = "$(TARGET_NAME)";
			};
			name = Debug;
		};
		D08E60F31B969B2E00FE465D /* Release */ = {
			isa = XCBuildConfiguration;
			buildSettings = {
				LIBRARY_SEARCH_PATHS = (
					"$(inherited)",
					"$(PROJECT_DIR)",
				);
				PRODUCT_NAME = "$(TARGET_NAME)";
			};
			name = Release;
		};
/* End XCBuildConfiguration section */

/* Begin XCConfigurationList section */
		D08E60E51B969B2E00FE465D /* Build configuration list for PBXProject "testOpenGL" */ = {
			isa = XCConfigurationList;
			buildConfigurations = (
				D08E60EF1B969B2E00FE465D /* Debug */,
				D08E60F01B969B2E00FE465D /* Release */,
			);
			defaultConfigurationIsVisible = 0;
			defaultConfigurationName = Release;
		};
		D08E60F11B969B2E00FE465D /* Build configuration list for PBXNativeTarget "testOpenGL" */ = {
			isa = XCConfigurationList;
			buildConfigurations = (
				D08E60F21B969B2E00FE465D /* Debug */,
				D08E60F31B969B2E00FE465D /* Release */,
			);
			defaultConfigurationIsVisible = 0;
			defaultConfigurationName = Release;
		};
/* End XCConfigurationList section */
	};
	rootObject = D08E60E21B969B2E00FE465D /* Project object */;
}
